
Microsoft Visual Studio Solution File, Format Version 12.00
# Visual Studio Version 17
VisualStudioVersion = 17.5.002.0
MinimumVisualStudioVersion = 10.0.40219.1
Project("{9A19103F-16F7-4668-BE54-9A1E7A4F7556}") = "AirportOperations", "AirportOperations.csproj", "{DBE48A80-2C29-4A46-BE0C-F99086697438}"
EndProject
Global
	GlobalSection(SolutionConfigurationPlatforms) = preSolution
		Debug|Any CPU = Debug|Any CPU
		Release|Any CPU = Release|Any CPU
	EndGlobalSection
	GlobalSection(ProjectConfigurationPlatforms) = postSolution
		{DBE48A80-2C29-4A46-BE0C-F99086697438}.Debug|Any CPU.ActiveCfg = Debug|Any CPU
		{DBE48A80-2C29-4A46-BE0C-F99086697438}.Debug|Any CPU.Build.0 = Debug|Any CPU
		{DBE48A80-2C29-4A46-BE0C-F99086697438}.Release|Any CPU.ActiveCfg = Release|Any CPU
		{DBE48A80-2C29-4A46-BE0C-F99086697438}.Release|Any CPU.Build.0 = Release|Any CPU
	EndGlobalSection
	GlobalSection(SolutionProperties) = preSolution
		HideSolutionNode = FALSE
	EndGlobalSection
	GlobalSection(ExtensibilityGlobals) = postSolution
		SolutionGuid = {D342FE58-D45B-450F-AC8D-EBD1C3A53721}
	EndGlobalSection
EndGlobal
